// !$*UTF8*$!
{
	archiveVersion = 1;
	classes = {
	};
	objectVersion = 46;
	objects = {

/* Begin PBXBuildFile section */
		6E17DC211CB1DC150043C644 /* DarwinCentral.swift in Sources */ = {isa = PBXBuildFile; fileRef = 6E17DC201CB1DC150043C644 /* DarwinCentral.swift */; };
		6E17DC231CB1DC250043C644 /* Central.swift in Sources */ = {isa = PBXBuildFile; fileRef = 6E17DC221CB1DC250043C644 /* Central.swift */; };
		6E1C311C1CD4723C00E8F7EB /* Beacon.swift in Sources */ = {isa = PBXBuildFile; fileRef = 6E1C311B1CD4723C00E8F7EB /* Beacon.swift */; };
		6E2A5D621CC8436800BA7E15 /* AppDelegate.swift in Sources */ = {isa = PBXBuildFile; fileRef = 6E2A5D611CC8436800BA7E15 /* AppDelegate.swift */; };
		6E2A5D641CC8436800BA7E15 /* ViewController.swift in Sources */ = {isa = PBXBuildFile; fileRef = 6E2A5D631CC8436800BA7E15 /* ViewController.swift */; };
		6E2A5D671CC8436800BA7E15 /* Main.storyboard in Resources */ = {isa = PBXBuildFile; fileRef = 6E2A5D651CC8436800BA7E15 /* Main.storyboard */; };
		6E2A5D691CC8436800BA7E15 /* Assets.xcassets in Resources */ = {isa = PBXBuildFile; fileRef = 6E2A5D681CC8436800BA7E15 /* Assets.xcassets */; };
		6E2A5D6C1CC8436800BA7E15 /* LaunchScreen.storyboard in Resources */ = {isa = PBXBuildFile; fileRef = 6E2A5D6A1CC8436800BA7E15 /* LaunchScreen.storyboard */; };
		6E2A5D721CC843A300BA7E15 /* GATT.framework in Frameworks */ = {isa = PBXBuildFile; fileRef = 6EF45FCF1CC6D355001F7A39 /* GATT.framework */; };
		6E2A5D731CC843A300BA7E15 /* GATT.framework in Embed Frameworks */ = {isa = PBXBuildFile; fileRef = 6EF45FCF1CC6D355001F7A39 /* GATT.framework */; settings = {ATTRIBUTES = (CodeSignOnCopy, RemoveHeadersOnCopy, ); }; };
		6E7B43CE1D459322007D3C36 /* DarwinCentral.swift in Sources */ = {isa = PBXBuildFile; fileRef = 6E17DC201CB1DC150043C644 /* DarwinCentral.swift */; };
		6E7BD6151CAFA06900F0ABF3 /* DarwinAttributes.swift in Sources */ = {isa = PBXBuildFile; fileRef = 6E7BD6141CAFA06900F0ABF3 /* DarwinAttributes.swift */; };
		6E7BD6171CAFA45F00F0ABF3 /* Peer.swift in Sources */ = {isa = PBXBuildFile; fileRef = 6E7BD6161CAFA45F00F0ABF3 /* Peer.swift */; };
		6E7BD6191CB04DB800F0ABF3 /* LinuxPeripheral.swift in Sources */ = {isa = PBXBuildFile; fileRef = 6E7BD6181CB04DB800F0ABF3 /* LinuxPeripheral.swift */; };
		6E809EDA1CD476E100B06F45 /* Beacon.swift in Sources */ = {isa = PBXBuildFile; fileRef = 6E1C311B1CD4723C00E8F7EB /* Beacon.swift */; };
		6EAABBB320014040009B38C0 /* Descriptor.swift in Sources */ = {isa = PBXBuildFile; fileRef = 6EAABBB220014040009B38C0 /* Descriptor.swift */; };
		6EAABBB420014040009B38C0 /* Descriptor.swift in Sources */ = {isa = PBXBuildFile; fileRef = 6EAABBB220014040009B38C0 /* Descriptor.swift */; };
		6EAABBB520014040009B38C0 /* Descriptor.swift in Sources */ = {isa = PBXBuildFile; fileRef = 6EAABBB220014040009B38C0 /* Descriptor.swift */; };
		6EAABC012001AF4C009B38C0 /* ScanResult.swift in Sources */ = {isa = PBXBuildFile; fileRef = 6EAABC002001AF4C009B38C0 /* ScanResult.swift */; };
		6EAABC022001AF4C009B38C0 /* ScanResult.swift in Sources */ = {isa = PBXBuildFile; fileRef = 6EAABC002001AF4C009B38C0 /* ScanResult.swift */; };
		6EAABC032001AF4C009B38C0 /* ScanResult.swift in Sources */ = {isa = PBXBuildFile; fileRef = 6EAABC002001AF4C009B38C0 /* ScanResult.swift */; };
		6EE84D881CAF419D00A40C4D /* GATT.h in Headers */ = {isa = PBXBuildFile; fileRef = 6EE84D871CAF419D00A40C4D /* GATT.h */; settings = {ATTRIBUTES = (Public, ); }; };
		6EE84DA21CAF422100A40C4D /* Peripheral.swift in Sources */ = {isa = PBXBuildFile; fileRef = 6EE84DA11CAF422100A40C4D /* Peripheral.swift */; };
		6EE84DA41CAF424E00A40C4D /* DarwinPeripheral.swift in Sources */ = {isa = PBXBuildFile; fileRef = 6EE84DA31CAF424E00A40C4D /* DarwinPeripheral.swift */; };
		6EE9102C1FDE5C17007AD3EA /* Central.swift in Sources */ = {isa = PBXBuildFile; fileRef = 6E17DC221CB1DC250043C644 /* Central.swift */; };
		6EE9102D1FDE5C17007AD3EA /* DarwinAttributes.swift in Sources */ = {isa = PBXBuildFile; fileRef = 6E7BD6141CAFA06900F0ABF3 /* DarwinAttributes.swift */; };
		6EE9102E1FDE5C17007AD3EA /* LinuxPeripheral.swift in Sources */ = {isa = PBXBuildFile; fileRef = 6E7BD6181CB04DB800F0ABF3 /* LinuxPeripheral.swift */; };
		6EE9102F1FDE5C17007AD3EA /* Peer.swift in Sources */ = {isa = PBXBuildFile; fileRef = 6E7BD6161CAFA45F00F0ABF3 /* Peer.swift */; };
		6EE910301FDE5C17007AD3EA /* DarwinCentral.swift in Sources */ = {isa = PBXBuildFile; fileRef = 6E17DC201CB1DC150043C644 /* DarwinCentral.swift */; };
		6EE910311FDE5C17007AD3EA /* Peripheral.swift in Sources */ = {isa = PBXBuildFile; fileRef = 6EE84DA11CAF422100A40C4D /* Peripheral.swift */; };
		6EE910321FDE5C17007AD3EA /* Beacon.swift in Sources */ = {isa = PBXBuildFile; fileRef = 6E1C311B1CD4723C00E8F7EB /* Beacon.swift */; };
		6EE910351FDE5C17007AD3EA /* GATT.h in Headers */ = {isa = PBXBuildFile; fileRef = 6EE84D871CAF419D00A40C4D /* GATT.h */; settings = {ATTRIBUTES = (Public, ); }; };
		6EF45FC11CC6D355001F7A39 /* Central.swift in Sources */ = {isa = PBXBuildFile; fileRef = 6E17DC221CB1DC250043C644 /* Central.swift */; };
		6EF45FC21CC6D355001F7A39 /* DarwinAttributes.swift in Sources */ = {isa = PBXBuildFile; fileRef = 6E7BD6141CAFA06900F0ABF3 /* DarwinAttributes.swift */; };
		6EF45FC31CC6D355001F7A39 /* LinuxPeripheral.swift in Sources */ = {isa = PBXBuildFile; fileRef = 6E7BD6181CB04DB800F0ABF3 /* LinuxPeripheral.swift */; };
		6EF45FC41CC6D355001F7A39 /* Peer.swift in Sources */ = {isa = PBXBuildFile; fileRef = 6E7BD6161CAFA45F00F0ABF3 /* Peer.swift */; };
		6EF45FC71CC6D355001F7A39 /* Peripheral.swift in Sources */ = {isa = PBXBuildFile; fileRef = 6EE84DA11CAF422100A40C4D /* Peripheral.swift */; };
		6EF45FCA1CC6D355001F7A39 /* GATT.h in Headers */ = {isa = PBXBuildFile; fileRef = 6EE84D871CAF419D00A40C4D /* GATT.h */; settings = {ATTRIBUTES = (Public, ); }; };
		6EF9426D2016464B00EEB821 /* LinuxCentral.swift in Sources */ = {isa = PBXBuildFile; fileRef = 6EF9426C2016464B00EEB821 /* LinuxCentral.swift */; };
		6EF9426E2016464B00EEB821 /* LinuxCentral.swift in Sources */ = {isa = PBXBuildFile; fileRef = 6EF9426C2016464B00EEB821 /* LinuxCentral.swift */; };
		6EF9426F2016464B00EEB821 /* LinuxCentral.swift in Sources */ = {isa = PBXBuildFile; fileRef = 6EF9426C2016464B00EEB821 /* LinuxCentral.swift */; };
/* End PBXBuildFile section */

/* Begin PBXContainerItemProxy section */
		6E2A5D741CC843A300BA7E15 /* PBXContainerItemProxy */ = {
			isa = PBXContainerItemProxy;
			containerPortal = 6EE84D7B1CAF419D00A40C4D /* Project object */;
			proxyType = 1;
			remoteGlobalIDString = 6EF45FBF1CC6D355001F7A39;
			remoteInfo = "GATT iOS";
		};
/* End PBXContainerItemProxy section */

/* Begin PBXCopyFilesBuildPhase section */
		6E2A5D761CC843A400BA7E15 /* Embed Frameworks */ = {
			isa = PBXCopyFilesBuildPhase;
			buildActionMask = 2147483647;
			dstPath = "";
			dstSubfolderSpec = 10;
			files = (
				6E2A5D731CC843A300BA7E15 /* GATT.framework in Embed Frameworks */,
			);
			name = "Embed Frameworks";
			runOnlyForDeploymentPostprocessing = 0;
		};
/* End PBXCopyFilesBuildPhase section */

/* Begin PBXFileReference section */
		6E17DC201CB1DC150043C644 /* DarwinCentral.swift */ = {isa = PBXFileReference; fileEncoding = 4; lastKnownFileType = sourcecode.swift; path = DarwinCentral.swift; sourceTree = "<group>"; };
		6E17DC221CB1DC250043C644 /* Central.swift */ = {isa = PBXFileReference; fileEncoding = 4; lastKnownFileType = sourcecode.swift; path = Central.swift; sourceTree = "<group>"; };
		6E1C311B1CD4723C00E8F7EB /* Beacon.swift */ = {isa = PBXFileReference; fileEncoding = 4; lastKnownFileType = sourcecode.swift; path = Beacon.swift; sourceTree = "<group>"; };
		6E2A5D5F1CC8436800BA7E15 /* TestApp.app */ = {isa = PBXFileReference; explicitFileType = wrapper.application; includeInIndex = 0; path = TestApp.app; sourceTree = BUILT_PRODUCTS_DIR; };
		6E2A5D611CC8436800BA7E15 /* AppDelegate.swift */ = {isa = PBXFileReference; lastKnownFileType = sourcecode.swift; path = AppDelegate.swift; sourceTree = "<group>"; };
		6E2A5D631CC8436800BA7E15 /* ViewController.swift */ = {isa = PBXFileReference; lastKnownFileType = sourcecode.swift; path = ViewController.swift; sourceTree = "<group>"; };
		6E2A5D661CC8436800BA7E15 /* Base */ = {isa = PBXFileReference; lastKnownFileType = file.storyboard; name = Base; path = Base.lproj/Main.storyboard; sourceTree = "<group>"; };
		6E2A5D681CC8436800BA7E15 /* Assets.xcassets */ = {isa = PBXFileReference; lastKnownFileType = folder.assetcatalog; path = Assets.xcassets; sourceTree = "<group>"; };
		6E2A5D6B1CC8436800BA7E15 /* Base */ = {isa = PBXFileReference; lastKnownFileType = file.storyboard; name = Base; path = Base.lproj/LaunchScreen.storyboard; sourceTree = "<group>"; };
		6E2A5D6D1CC8436800BA7E15 /* Info.plist */ = {isa = PBXFileReference; lastKnownFileType = text.plist.xml; path = Info.plist; sourceTree = "<group>"; };
		6E4CA8641CB113E8008316A9 /* Info.plist */ = {isa = PBXFileReference; lastKnownFileType = text.plist.xml; path = Info.plist; sourceTree = "<group>"; };
		6E7BD6121CAF9C9500F0ABF3 /* Cartfile */ = {isa = PBXFileReference; lastKnownFileType = text; name = Cartfile; path = ../Cartfile; sourceTree = "<group>"; };
		6E7BD6131CAF9C9500F0ABF3 /* Package.swift */ = {isa = PBXFileReference; lastKnownFileType = sourcecode.swift; name = Package.swift; path = ../Package.swift; sourceTree = "<group>"; };
		6E7BD6141CAFA06900F0ABF3 /* DarwinAttributes.swift */ = {isa = PBXFileReference; fileEncoding = 4; lastKnownFileType = sourcecode.swift; path = DarwinAttributes.swift; sourceTree = "<group>"; };
		6E7BD6161CAFA45F00F0ABF3 /* Peer.swift */ = {isa = PBXFileReference; fileEncoding = 4; lastKnownFileType = sourcecode.swift; path = Peer.swift; sourceTree = "<group>"; };
		6E7BD6181CB04DB800F0ABF3 /* LinuxPeripheral.swift */ = {isa = PBXFileReference; fileEncoding = 4; lastKnownFileType = sourcecode.swift; path = LinuxPeripheral.swift; sourceTree = "<group>"; };
		6E7BD62B1CB0FAB700F0ABF3 /* Info.plist */ = {isa = PBXFileReference; lastKnownFileType = text.plist.xml; path = Info.plist; sourceTree = "<group>"; };
		6E7BD64A1CB0FD9500F0ABF3 /* GATTTest.h */ = {isa = PBXFileReference; lastKnownFileType = sourcecode.c.h; path = GATTTest.h; sourceTree = "<group>"; };
		6E7BD64C1CB0FD9500F0ABF3 /* Info.plist */ = {isa = PBXFileReference; lastKnownFileType = text.plist.xml; path = Info.plist; sourceTree = "<group>"; };
		6EAABBB220014040009B38C0 /* Descriptor.swift */ = {isa = PBXFileReference; lastKnownFileType = sourcecode.swift; path = Descriptor.swift; sourceTree = "<group>"; };
		6EAABC002001AF4C009B38C0 /* ScanResult.swift */ = {isa = PBXFileReference; lastKnownFileType = sourcecode.swift; path = ScanResult.swift; sourceTree = "<group>"; };
		6EE84D841CAF419D00A40C4D /* GATT.framework */ = {isa = PBXFileReference; explicitFileType = wrapper.framework; includeInIndex = 0; path = GATT.framework; sourceTree = BUILT_PRODUCTS_DIR; };
		6EE84D871CAF419D00A40C4D /* GATT.h */ = {isa = PBXFileReference; lastKnownFileType = sourcecode.c.h; path = GATT.h; sourceTree = "<group>"; };
		6EE84D891CAF419D00A40C4D /* Info.plist */ = {isa = PBXFileReference; lastKnownFileType = text.plist.xml; path = Info.plist; sourceTree = "<group>"; };
		6EE84DA11CAF422100A40C4D /* Peripheral.swift */ = {isa = PBXFileReference; fileEncoding = 4; lastKnownFileType = sourcecode.swift; path = Peripheral.swift; sourceTree = "<group>"; };
		6EE84DA31CAF424E00A40C4D /* DarwinPeripheral.swift */ = {isa = PBXFileReference; fileEncoding = 4; lastKnownFileType = sourcecode.swift; path = DarwinPeripheral.swift; sourceTree = "<group>"; };
		6EE9103A1FDE5C17007AD3EA /* GATT watchOS.framework */ = {isa = PBXFileReference; explicitFileType = wrapper.framework; includeInIndex = 0; path = "GATT watchOS.framework"; sourceTree = BUILT_PRODUCTS_DIR; };
		6EF45FCF1CC6D355001F7A39 /* GATT.framework */ = {isa = PBXFileReference; explicitFileType = wrapper.framework; includeInIndex = 0; path = GATT.framework; sourceTree = BUILT_PRODUCTS_DIR; };
		6EF9426C2016464B00EEB821 /* LinuxCentral.swift */ = {isa = PBXFileReference; lastKnownFileType = sourcecode.swift; path = LinuxCentral.swift; sourceTree = "<group>"; };
/* End PBXFileReference section */

/* Begin PBXFrameworksBuildPhase section */
		6E2A5D5C1CC8436800BA7E15 /* Frameworks */ = {
			isa = PBXFrameworksBuildPhase;
			buildActionMask = 2147483647;
			files = (
				6E2A5D721CC843A300BA7E15 /* GATT.framework in Frameworks */,
			);
			runOnlyForDeploymentPostprocessing = 0;
		};
		6EE84D801CAF419D00A40C4D /* Frameworks */ = {
			isa = PBXFrameworksBuildPhase;
			buildActionMask = 2147483647;
			files = (
			);
			runOnlyForDeploymentPostprocessing = 0;
		};
		6EE910331FDE5C17007AD3EA /* Frameworks */ = {
			isa = PBXFrameworksBuildPhase;
			buildActionMask = 2147483647;
			files = (
			);
			runOnlyForDeploymentPostprocessing = 0;
		};
		6EF45FC81CC6D355001F7A39 /* Frameworks */ = {
			isa = PBXFrameworksBuildPhase;
			buildActionMask = 2147483647;
			files = (
			);
			runOnlyForDeploymentPostprocessing = 0;
		};
/* End PBXFrameworksBuildPhase section */

/* Begin PBXGroup section */
		6E2A5D601CC8436800BA7E15 /* TestApp */ = {
			isa = PBXGroup;
			children = (
				6E2A5D611CC8436800BA7E15 /* AppDelegate.swift */,
				6E2A5D631CC8436800BA7E15 /* ViewController.swift */,
				6E2A5D651CC8436800BA7E15 /* Main.storyboard */,
				6E2A5D681CC8436800BA7E15 /* Assets.xcassets */,
				6E2A5D6A1CC8436800BA7E15 /* LaunchScreen.storyboard */,
				6E2A5D6D1CC8436800BA7E15 /* Info.plist */,
			);
			path = TestApp;
			sourceTree = "<group>";
		};
		6E4CA8611CB113E8008316A9 /* PeripheralUnitTestsServer */ = {
			isa = PBXGroup;
			children = (
				6E4CA8641CB113E8008316A9 /* Info.plist */,
			);
			path = PeripheralUnitTestsServer;
			sourceTree = "<group>";
		};
		6E7BD6281CB0FAB700F0ABF3 /* PeripheralUnitTestsClient */ = {
			isa = PBXGroup;
			children = (
				6E7BD62B1CB0FAB700F0ABF3 /* Info.plist */,
			);
			path = PeripheralUnitTestsClient;
			sourceTree = "<group>";
		};
		6E7BD6491CB0FD9500F0ABF3 /* GATTTest */ = {
			isa = PBXGroup;
			children = (
				6E7BD64A1CB0FD9500F0ABF3 /* GATTTest.h */,
				6E7BD64C1CB0FD9500F0ABF3 /* Info.plist */,
			);
			path = GATTTest;
			sourceTree = "<group>";
		};
		6EE84D7A1CAF419D00A40C4D = {
			isa = PBXGroup;
			children = (
				6E7BD6121CAF9C9500F0ABF3 /* Cartfile */,
				6E7BD6131CAF9C9500F0ABF3 /* Package.swift */,
				6EE84D9E1CAF421100A40C4D /* Sources */,
				6EE84D861CAF419D00A40C4D /* GATT */,
				6E7BD6281CB0FAB700F0ABF3 /* PeripheralUnitTestsClient */,
				6E7BD6491CB0FD9500F0ABF3 /* GATTTest */,
				6E4CA8611CB113E8008316A9 /* PeripheralUnitTestsServer */,
				6E2A5D601CC8436800BA7E15 /* TestApp */,
				6EE84D851CAF419D00A40C4D /* Products */,
			);
			sourceTree = "<group>";
		};
		6EE84D851CAF419D00A40C4D /* Products */ = {
			isa = PBXGroup;
			children = (
				6EE84D841CAF419D00A40C4D /* GATT.framework */,
				6EF45FCF1CC6D355001F7A39 /* GATT.framework */,
				6E2A5D5F1CC8436800BA7E15 /* TestApp.app */,
				6EE9103A1FDE5C17007AD3EA /* GATT watchOS.framework */,
			);
			name = Products;
			sourceTree = "<group>";
		};
		6EE84D861CAF419D00A40C4D /* GATT */ = {
			isa = PBXGroup;
			children = (
				6EE84D871CAF419D00A40C4D /* GATT.h */,
				6EE84D891CAF419D00A40C4D /* Info.plist */,
			);
			path = GATT;
			sourceTree = "<group>";
		};
		6EE84D9E1CAF421100A40C4D /* Sources */ = {
			isa = PBXGroup;
			children = (
				6EE84D9F1CAF421100A40C4D /* GATT */,
			);
			name = Sources;
			path = ../Sources;
			sourceTree = "<group>";
		};
		6EE84D9F1CAF421100A40C4D /* GATT */ = {
			isa = PBXGroup;
			children = (
				6E7BD6161CAFA45F00F0ABF3 /* Peer.swift */,
				6EE84DA11CAF422100A40C4D /* Peripheral.swift */,
				6EAABBB220014040009B38C0 /* Descriptor.swift */,
				6EAABC002001AF4C009B38C0 /* ScanResult.swift */,
				6EE84DA31CAF424E00A40C4D /* DarwinPeripheral.swift */,
				6E7BD6141CAFA06900F0ABF3 /* DarwinAttributes.swift */,
				6E7BD6181CB04DB800F0ABF3 /* LinuxPeripheral.swift */,
				6E17DC221CB1DC250043C644 /* Central.swift */,
				6E17DC201CB1DC150043C644 /* DarwinCentral.swift */,
				6EF9426C2016464B00EEB821 /* LinuxCentral.swift */,
				6E1C311B1CD4723C00E8F7EB /* Beacon.swift */,
			);
			path = GATT;
			sourceTree = "<group>";
		};
/* End PBXGroup section */

/* Begin PBXHeadersBuildPhase section */
		6EE84D811CAF419D00A40C4D /* Headers */ = {
			isa = PBXHeadersBuildPhase;
			buildActionMask = 2147483647;
			files = (
				6EE84D881CAF419D00A40C4D /* GATT.h in Headers */,
			);
			runOnlyForDeploymentPostprocessing = 0;
		};
		6EE910341FDE5C17007AD3EA /* Headers */ = {
			isa = PBXHeadersBuildPhase;
			buildActionMask = 2147483647;
			files = (
				6EE910351FDE5C17007AD3EA /* GATT.h in Headers */,
			);
			runOnlyForDeploymentPostprocessing = 0;
		};
		6EF45FC91CC6D355001F7A39 /* Headers */ = {
			isa = PBXHeadersBuildPhase;
			buildActionMask = 2147483647;
			files = (
				6EF45FCA1CC6D355001F7A39 /* GATT.h in Headers */,
			);
			runOnlyForDeploymentPostprocessing = 0;
		};
/* End PBXHeadersBuildPhase section */

/* Begin PBXNativeTarget section */
		6E2A5D5E1CC8436800BA7E15 /* TestApp */ = {
			isa = PBXNativeTarget;
			buildConfigurationList = 6E2A5D6E1CC8436800BA7E15 /* Build configuration list for PBXNativeTarget "TestApp" */;
			buildPhases = (
				6E2A5D5B1CC8436800BA7E15 /* Sources */,
				6E2A5D5C1CC8436800BA7E15 /* Frameworks */,
				6E2A5D5D1CC8436800BA7E15 /* Resources */,
				6E2A5D711CC8438F00BA7E15 /* Copy Frameworks */,
				6E2A5D761CC843A400BA7E15 /* Embed Frameworks */,
			);
			buildRules = (
			);
			dependencies = (
				6E2A5D751CC843A300BA7E15 /* PBXTargetDependency */,
			);
			name = TestApp;
			productName = TestApp;
			productReference = 6E2A5D5F1CC8436800BA7E15 /* TestApp.app */;
			productType = "com.apple.product-type.application";
		};
		6EE84D831CAF419D00A40C4D /* GATT macOS */ = {
			isa = PBXNativeTarget;
			buildConfigurationList = 6EE84D981CAF419D00A40C4D /* Build configuration list for PBXNativeTarget "GATT macOS" */;
			buildPhases = (
				6EE84D7F1CAF419D00A40C4D /* Sources */,
				6EE84D801CAF419D00A40C4D /* Frameworks */,
				6EE84D811CAF419D00A40C4D /* Headers */,
				6EE84D821CAF419D00A40C4D /* Resources */,
			);
			buildRules = (
			);
			dependencies = (
			);
			name = "GATT macOS";
			productName = GATT;
			productReference = 6EE84D841CAF419D00A40C4D /* GATT.framework */;
			productType = "com.apple.product-type.framework";
		};
		6EE9102A1FDE5C17007AD3EA /* GATT watchOS */ = {
			isa = PBXNativeTarget;
			buildConfigurationList = 6EE910371FDE5C17007AD3EA /* Build configuration list for PBXNativeTarget "GATT watchOS" */;
			buildPhases = (
				6EE9102B1FDE5C17007AD3EA /* Sources */,
				6EE910331FDE5C17007AD3EA /* Frameworks */,
				6EE910341FDE5C17007AD3EA /* Headers */,
				6EE910361FDE5C17007AD3EA /* Resources */,
			);
			buildRules = (
			);
			dependencies = (
			);
			name = "GATT watchOS";
			productName = GATT;
			productReference = 6EE9103A1FDE5C17007AD3EA /* GATT watchOS.framework */;
			productType = "com.apple.product-type.framework";
		};
		6EF45FBF1CC6D355001F7A39 /* GATT iOS */ = {
			isa = PBXNativeTarget;
			buildConfigurationList = 6EF45FCC1CC6D355001F7A39 /* Build configuration list for PBXNativeTarget "GATT iOS" */;
			buildPhases = (
				6EF45FC01CC6D355001F7A39 /* Sources */,
				6EF45FC81CC6D355001F7A39 /* Frameworks */,
				6EF45FC91CC6D355001F7A39 /* Headers */,
				6EF45FCB1CC6D355001F7A39 /* Resources */,
			);
			buildRules = (
			);
			dependencies = (
			);
			name = "GATT iOS";
			productName = GATT;
			productReference = 6EF45FCF1CC6D355001F7A39 /* GATT.framework */;
			productType = "com.apple.product-type.framework";
		};
/* End PBXNativeTarget section */

/* Begin PBXProject section */
		6EE84D7B1CAF419D00A40C4D /* Project object */ = {
			isa = PBXProject;
			attributes = {
				LastSwiftUpdateCheck = 0730;
				LastUpgradeCheck = 0920;
				ORGANIZATIONNAME = PureSwift;
				TargetAttributes = {
					6E2A5D5E1CC8436800BA7E15 = {
						CreatedOnToolsVersion = 7.3;
						DevelopmentTeam = 4W79SG34MW;
					};
					6EE84D831CAF419D00A40C4D = {
						CreatedOnToolsVersion = 7.3;
					};
					6EF45FBF1CC6D355001F7A39 = {
						LastSwiftMigration = 0800;
					};
				};
			};
			buildConfigurationList = 6EE84D7E1CAF419D00A40C4D /* Build configuration list for PBXProject "GATT" */;
			compatibilityVersion = "Xcode 3.2";
			developmentRegion = English;
			hasScannedForEncodings = 0;
			knownRegions = (
				en,
				Base,
			);
			mainGroup = 6EE84D7A1CAF419D00A40C4D;
			productRefGroup = 6EE84D851CAF419D00A40C4D /* Products */;
			projectDirPath = "";
			projectRoot = "";
			targets = (
				6EE84D831CAF419D00A40C4D /* GATT macOS */,
				6EF45FBF1CC6D355001F7A39 /* GATT iOS */,
				6EE9102A1FDE5C17007AD3EA /* GATT watchOS */,
				6E2A5D5E1CC8436800BA7E15 /* TestApp */,
			);
		};
/* End PBXProject section */

/* Begin PBXResourcesBuildPhase section */
		6E2A5D5D1CC8436800BA7E15 /* Resources */ = {
			isa = PBXResourcesBuildPhase;
			buildActionMask = 2147483647;
			files = (
				6E2A5D6C1CC8436800BA7E15 /* LaunchScreen.storyboard in Resources */,
				6E2A5D691CC8436800BA7E15 /* Assets.xcassets in Resources */,
				6E2A5D671CC8436800BA7E15 /* Main.storyboard in Resources */,
			);
			runOnlyForDeploymentPostprocessing = 0;
		};
		6EE84D821CAF419D00A40C4D /* Resources */ = {
			isa = PBXResourcesBuildPhase;
			buildActionMask = 2147483647;
			files = (
			);
			runOnlyForDeploymentPostprocessing = 0;
		};
		6EE910361FDE5C17007AD3EA /* Resources */ = {
			isa = PBXResourcesBuildPhase;
			buildActionMask = 2147483647;
			files = (
			);
			runOnlyForDeploymentPostprocessing = 0;
		};
		6EF45FCB1CC6D355001F7A39 /* Resources */ = {
			isa = PBXResourcesBuildPhase;
			buildActionMask = 2147483647;
			files = (
			);
			runOnlyForDeploymentPostprocessing = 0;
		};
/* End PBXResourcesBuildPhase section */

/* Begin PBXShellScriptBuildPhase section */
		6E2A5D711CC8438F00BA7E15 /* Copy Frameworks */ = {
			isa = PBXShellScriptBuildPhase;
			buildActionMask = 2147483647;
			files = (
			);
			inputPaths = (
				"$(SRCROOT)/../Carthage/Build/iOS/Bluetooth.framework",
			);
			name = "Copy Frameworks";
			outputPaths = (
			);
			runOnlyForDeploymentPostprocessing = 0;
			shellPath = /bin/sh;
			shellScript = "/usr/local/bin/carthage copy-frameworks";
		};
/* End PBXShellScriptBuildPhase section */

/* Begin PBXSourcesBuildPhase section */
		6E2A5D5B1CC8436800BA7E15 /* Sources */ = {
			isa = PBXSourcesBuildPhase;
			buildActionMask = 2147483647;
			files = (
				6E2A5D641CC8436800BA7E15 /* ViewController.swift in Sources */,
				6E2A5D621CC8436800BA7E15 /* AppDelegate.swift in Sources */,
			);
			runOnlyForDeploymentPostprocessing = 0;
		};
		6EE84D7F1CAF419D00A40C4D /* Sources */ = {
			isa = PBXSourcesBuildPhase;
			buildActionMask = 2147483647;
			files = (
				6E17DC231CB1DC250043C644 /* Central.swift in Sources */,
				6E7BD6151CAFA06900F0ABF3 /* DarwinAttributes.swift in Sources */,
				6E7BD6191CB04DB800F0ABF3 /* LinuxPeripheral.swift in Sources */,
				6EF9426D2016464B00EEB821 /* LinuxCentral.swift in Sources */,
				6E7BD6171CAFA45F00F0ABF3 /* Peer.swift in Sources */,
				6EE84DA41CAF424E00A40C4D /* DarwinPeripheral.swift in Sources */,
				6EAABC012001AF4C009B38C0 /* ScanResult.swift in Sources */,
				6EAABBB320014040009B38C0 /* Descriptor.swift in Sources */,
				6E17DC211CB1DC150043C644 /* DarwinCentral.swift in Sources */,
				6EE84DA21CAF422100A40C4D /* Peripheral.swift in Sources */,
				6E1C311C1CD4723C00E8F7EB /* Beacon.swift in Sources */,
			);
			runOnlyForDeploymentPostprocessing = 0;
		};
		6EE9102B1FDE5C17007AD3EA /* Sources */ = {
			isa = PBXSourcesBuildPhase;
			buildActionMask = 2147483647;
			files = (
				6EE9102C1FDE5C17007AD3EA /* Central.swift in Sources */,
				6EE9102D1FDE5C17007AD3EA /* DarwinAttributes.swift in Sources */,
				6EAABC032001AF4C009B38C0 /* ScanResult.swift in Sources */,
				6EAABBB520014040009B38C0 /* Descriptor.swift in Sources */,
				6EE9102E1FDE5C17007AD3EA /* LinuxPeripheral.swift in Sources */,
				6EE9102F1FDE5C17007AD3EA /* Peer.swift in Sources */,
				6EE910301FDE5C17007AD3EA /* DarwinCentral.swift in Sources */,
				6EE910311FDE5C17007AD3EA /* Peripheral.swift in Sources */,
				6EF9426F2016464B00EEB821 /* LinuxCentral.swift in Sources */,
				6EE910321FDE5C17007AD3EA /* Beacon.swift in Sources */,
			);
			runOnlyForDeploymentPostprocessing = 0;
		};
		6EF45FC01CC6D355001F7A39 /* Sources */ = {
			isa = PBXSourcesBuildPhase;
			buildActionMask = 2147483647;
			files = (
				6EF45FC11CC6D355001F7A39 /* Central.swift in Sources */,
				6EF45FC21CC6D355001F7A39 /* DarwinAttributes.swift in Sources */,
				6EAABC022001AF4C009B38C0 /* ScanResult.swift in Sources */,
				6EAABBB420014040009B38C0 /* Descriptor.swift in Sources */,
				6EF45FC31CC6D355001F7A39 /* LinuxPeripheral.swift in Sources */,
				6EF45FC41CC6D355001F7A39 /* Peer.swift in Sources */,
				6E7B43CE1D459322007D3C36 /* DarwinCentral.swift in Sources */,
				6EF45FC71CC6D355001F7A39 /* Peripheral.swift in Sources */,
				6EF9426E2016464B00EEB821 /* LinuxCentral.swift in Sources */,
				6E809EDA1CD476E100B06F45 /* Beacon.swift in Sources */,
			);
			runOnlyForDeploymentPostprocessing = 0;
		};
/* End PBXSourcesBuildPhase section */

/* Begin PBXTargetDependency section */
		6E2A5D751CC843A300BA7E15 /* PBXTargetDependency */ = {
			isa = PBXTargetDependency;
			target = 6EF45FBF1CC6D355001F7A39 /* GATT iOS */;
			targetProxy = 6E2A5D741CC843A300BA7E15 /* PBXContainerItemProxy */;
		};
/* End PBXTargetDependency section */

/* Begin PBXVariantGroup section */
		6E2A5D651CC8436800BA7E15 /* Main.storyboard */ = {
			isa = PBXVariantGroup;
			children = (
				6E2A5D661CC8436800BA7E15 /* Base */,
			);
			name = Main.storyboard;
			sourceTree = "<group>";
		};
		6E2A5D6A1CC8436800BA7E15 /* LaunchScreen.storyboard */ = {
			isa = PBXVariantGroup;
			children = (
				6E2A5D6B1CC8436800BA7E15 /* Base */,
			);
			name = LaunchScreen.storyboard;
			sourceTree = "<group>";
		};
/* End PBXVariantGroup section */

/* Begin XCBuildConfiguration section */
		6E2A5D6F1CC8436800BA7E15 /* Debug */ = {
			isa = XCBuildConfiguration;
			buildSettings = {
				ALWAYS_EMBED_SWIFT_STANDARD_LIBRARIES = YES;
				ASSETCATALOG_COMPILER_APPICON_NAME = AppIcon;
				CODE_SIGN_IDENTITY = "iPhone Developer";
				"CODE_SIGN_IDENTITY[sdk=iphoneos*]" = "iPhone Developer";
				DEVELOPMENT_TEAM = 4W79SG34MW;
				FRAMEWORK_SEARCH_PATHS = $SRCROOT/../Carthage/Build/iOS;
				INFOPLIST_FILE = TestApp/Info.plist;
				LD_RUNPATH_SEARCH_PATHS = "$(inherited) @executable_path/Frameworks";
				PRODUCT_BUNDLE_IDENTIFIER = com.colemancda.TestApp;
				PRODUCT_NAME = "$(TARGET_NAME)";
				SDKROOT = iphoneos;
				TARGETED_DEVICE_FAMILY = "1,2";
			};
			name = Debug;
		};
		6E2A5D701CC8436800BA7E15 /* Release */ = {
			isa = XCBuildConfiguration;
			buildSettings = {
				ALWAYS_EMBED_SWIFT_STANDARD_LIBRARIES = YES;
				ASSETCATALOG_COMPILER_APPICON_NAME = AppIcon;
				CODE_SIGN_IDENTITY = "iPhone Developer";
				"CODE_SIGN_IDENTITY[sdk=iphoneos*]" = "iPhone Developer";
				DEVELOPMENT_TEAM = 4W79SG34MW;
				FRAMEWORK_SEARCH_PATHS = $SRCROOT/../Carthage/Build/iOS;
				INFOPLIST_FILE = TestApp/Info.plist;
				LD_RUNPATH_SEARCH_PATHS = "$(inherited) @executable_path/Frameworks";
				PRODUCT_BUNDLE_IDENTIFIER = com.colemancda.TestApp;
				PRODUCT_NAME = "$(TARGET_NAME)";
				SDKROOT = iphoneos;
				SWIFT_OPTIMIZATION_LEVEL = "-Owholemodule";
				TARGETED_DEVICE_FAMILY = "1,2";
				VALIDATE_PRODUCT = YES;
			};
			name = Release;
		};
		6EE84D961CAF419D00A40C4D /* Debug */ = {
			isa = XCBuildConfiguration;
			buildSettings = {
				ALWAYS_EMBED_SWIFT_STANDARD_LIBRARIES = YES;
				ALWAYS_SEARCH_USER_PATHS = NO;
				CLANG_ANALYZER_NONNULL = YES;
				CLANG_CXX_LANGUAGE_STANDARD = "gnu++0x";
				CLANG_CXX_LIBRARY = "libc++";
				CLANG_ENABLE_MODULES = YES;
				CLANG_ENABLE_OBJC_ARC = YES;
				CLANG_WARN_BLOCK_CAPTURE_AUTORELEASING = YES;
				CLANG_WARN_BOOL_CONVERSION = YES;
				CLANG_WARN_COMMA = YES;
				CLANG_WARN_CONSTANT_CONVERSION = YES;
				CLANG_WARN_DIRECT_OBJC_ISA_USAGE = YES_ERROR;
				CLANG_WARN_EMPTY_BODY = YES;
				CLANG_WARN_ENUM_CONVERSION = YES;
				CLANG_WARN_INFINITE_RECURSION = YES;
				CLANG_WARN_INT_CONVERSION = YES;
				CLANG_WARN_NON_LITERAL_NULL_CONVERSION = YES;
				CLANG_WARN_OBJC_LITERAL_CONVERSION = YES;
				CLANG_WARN_OBJC_ROOT_CLASS = YES_ERROR;
				CLANG_WARN_RANGE_LOOP_ANALYSIS = YES;
				CLANG_WARN_STRICT_PROTOTYPES = YES;
				CLANG_WARN_SUSPICIOUS_MOVE = YES;
				CLANG_WARN_UNREACHABLE_CODE = YES;
				CLANG_WARN__DUPLICATE_METHOD_MATCH = YES;
				CODE_SIGNING_REQUIRED = NO;
				CODE_SIGN_IDENTITY = "-";
				COPY_PHASE_STRIP = NO;
				CURRENT_PROJECT_VERSION = 1;
				DEBUG_INFORMATION_FORMAT = dwarf;
				ENABLE_STRICT_OBJC_MSGSEND = YES;
				ENABLE_TESTABILITY = YES;
				GCC_C_LANGUAGE_STANDARD = gnu99;
				GCC_DYNAMIC_NO_PIC = NO;
				GCC_NO_COMMON_BLOCKS = YES;
				GCC_OPTIMIZATION_LEVEL = 0;
				GCC_PREPROCESSOR_DEFINITIONS = (
					"DEBUG=1",
					"$(inherited)",
				);
				GCC_WARN_64_TO_32_BIT_CONVERSION = YES;
				GCC_WARN_ABOUT_RETURN_TYPE = YES_ERROR;
				GCC_WARN_UNDECLARED_SELECTOR = YES;
				GCC_WARN_UNINITIALIZED_AUTOS = YES_AGGRESSIVE;
				GCC_WARN_UNUSED_FUNCTION = YES;
				GCC_WARN_UNUSED_VARIABLE = YES;
				IPHONEOS_DEPLOYMENT_TARGET = 8.2;
				MACOSX_DEPLOYMENT_TARGET = 10.10;
				MTL_ENABLE_DEBUG_INFO = YES;
				ONLY_ACTIVE_ARCH = YES;
				OTHER_CFLAGS = "";
				OTHER_SWIFT_FLAGS = "-DXcode";
				SDKROOT = macosx;
				SWIFT_OPTIMIZATION_LEVEL = "-Onone";
				SWIFT_VERSION = 3.0;
				VERSIONING_SYSTEM = "apple-generic";
				VERSION_INFO_PREFIX = "";
			};
			name = Debug;
		};
		6EE84D971CAF419D00A40C4D /* Release */ = {
			isa = XCBuildConfiguration;
			buildSettings = {
				ALWAYS_EMBED_SWIFT_STANDARD_LIBRARIES = YES;
				ALWAYS_SEARCH_USER_PATHS = NO;
				CLANG_ANALYZER_NONNULL = YES;
				CLANG_CXX_LANGUAGE_STANDARD = "gnu++0x";
				CLANG_CXX_LIBRARY = "libc++";
				CLANG_ENABLE_MODULES = YES;
				CLANG_ENABLE_OBJC_ARC = YES;
				CLANG_WARN_BLOCK_CAPTURE_AUTORELEASING = YES;
				CLANG_WARN_BOOL_CONVERSION = YES;
				CLANG_WARN_COMMA = YES;
				CLANG_WARN_CONSTANT_CONVERSION = YES;
				CLANG_WARN_DIRECT_OBJC_ISA_USAGE = YES_ERROR;
				CLANG_WARN_EMPTY_BODY = YES;
				CLANG_WARN_ENUM_CONVERSION = YES;
				CLANG_WARN_INFINITE_RECURSION = YES;
				CLANG_WARN_INT_CONVERSION = YES;
				CLANG_WARN_NON_LITERAL_NULL_CONVERSION = YES;
				CLANG_WARN_OBJC_LITERAL_CONVERSION = YES;
				CLANG_WARN_OBJC_ROOT_CLASS = YES_ERROR;
				CLANG_WARN_RANGE_LOOP_ANALYSIS = YES;
				CLANG_WARN_STRICT_PROTOTYPES = YES;
				CLANG_WARN_SUSPICIOUS_MOVE = YES;
				CLANG_WARN_UNREACHABLE_CODE = YES;
				CLANG_WARN__DUPLICATE_METHOD_MATCH = YES;
				CODE_SIGNING_REQUIRED = NO;
				CODE_SIGN_IDENTITY = "-";
				COPY_PHASE_STRIP = NO;
				CURRENT_PROJECT_VERSION = 1;
				DEBUG_INFORMATION_FORMAT = "dwarf-with-dsym";
				ENABLE_NS_ASSERTIONS = NO;
				ENABLE_STRICT_OBJC_MSGSEND = YES;
				GCC_C_LANGUAGE_STANDARD = gnu99;
				GCC_NO_COMMON_BLOCKS = YES;
				GCC_WARN_64_TO_32_BIT_CONVERSION = YES;
				GCC_WARN_ABOUT_RETURN_TYPE = YES_ERROR;
				GCC_WARN_UNDECLARED_SELECTOR = YES;
				GCC_WARN_UNINITIALIZED_AUTOS = YES_AGGRESSIVE;
				GCC_WARN_UNUSED_FUNCTION = YES;
				GCC_WARN_UNUSED_VARIABLE = YES;
				IPHONEOS_DEPLOYMENT_TARGET = 8.2;
				MACOSX_DEPLOYMENT_TARGET = 10.10;
				MTL_ENABLE_DEBUG_INFO = NO;
				OTHER_CFLAGS = "";
				OTHER_SWIFT_FLAGS = "-DXcode";
				SDKROOT = macosx;
				SWIFT_VERSION = 3.0;
				VERSIONING_SYSTEM = "apple-generic";
				VERSION_INFO_PREFIX = "";
			};
			name = Release;
		};
		6EE84D991CAF419D00A40C4D /* Debug */ = {
			isa = XCBuildConfiguration;
			buildSettings = {
				CLANG_ENABLE_MODULES = YES;
				CODE_SIGN_IDENTITY = "";
				COMBINE_HIDPI_IMAGES = YES;
				DEFINES_MODULE = YES;
				DYLIB_COMPATIBILITY_VERSION = 1;
				DYLIB_CURRENT_VERSION = 1;
				DYLIB_INSTALL_NAME_BASE = "@rpath";
				FRAMEWORK_SEARCH_PATHS = $SRCROOT/../Carthage/Build/Mac;
				FRAMEWORK_VERSION = A;
				INFOPLIST_FILE = GATT/Info.plist;
				INSTALL_PATH = "$(LOCAL_LIBRARY_DIR)/Frameworks";
				LD_RUNPATH_SEARCH_PATHS = "$(inherited) @executable_path/../Frameworks @loader_path/Frameworks";
				PRODUCT_BUNDLE_IDENTIFIER = org.pureswift.GATT;
				PRODUCT_NAME = GATT;
				SKIP_INSTALL = YES;
				SWIFT_OPTIMIZATION_LEVEL = "-Onone";
			};
			name = Debug;
		};
		6EE84D9A1CAF419D00A40C4D /* Release */ = {
			isa = XCBuildConfiguration;
			buildSettings = {
				CLANG_ENABLE_MODULES = YES;
				CODE_SIGN_IDENTITY = "";
				COMBINE_HIDPI_IMAGES = YES;
				DEFINES_MODULE = YES;
				DYLIB_COMPATIBILITY_VERSION = 1;
				DYLIB_CURRENT_VERSION = 1;
				DYLIB_INSTALL_NAME_BASE = "@rpath";
				FRAMEWORK_SEARCH_PATHS = $SRCROOT/../Carthage/Build/Mac;
				FRAMEWORK_VERSION = A;
				INFOPLIST_FILE = GATT/Info.plist;
				INSTALL_PATH = "$(LOCAL_LIBRARY_DIR)/Frameworks";
				LD_RUNPATH_SEARCH_PATHS = "$(inherited) @executable_path/../Frameworks @loader_path/Frameworks";
				PRODUCT_BUNDLE_IDENTIFIER = org.pureswift.GATT;
				PRODUCT_NAME = GATT;
				SKIP_INSTALL = YES;
				SWIFT_OPTIMIZATION_LEVEL = "-Owholemodule";
			};
			name = Release;
		};
		6EE910381FDE5C17007AD3EA /* Debug */ = {
			isa = XCBuildConfiguration;
			buildSettings = {
				CLANG_ENABLE_MODULES = YES;
				CODE_SIGN_IDENTITY = "";
				COMBINE_HIDPI_IMAGES = YES;
				DEFINES_MODULE = YES;
				DYLIB_COMPATIBILITY_VERSION = 1;
				DYLIB_CURRENT_VERSION = 1;
				DYLIB_INSTALL_NAME_BASE = "@rpath";
				FRAMEWORK_SEARCH_PATHS = $SRCROOT/../Carthage/Build/iOS;
				FRAMEWORK_VERSION = A;
				INFOPLIST_FILE = GATT/Info.plist;
				INSTALL_PATH = "$(LOCAL_LIBRARY_DIR)/Frameworks";
				LD_RUNPATH_SEARCH_PATHS = "$(inherited) @executable_path/../Frameworks @loader_path/Frameworks";
				PRODUCT_BUNDLE_IDENTIFIER = org.pureswift.GATT;
				PRODUCT_NAME = "$(TARGET_NAME)";
				SDKROOT = iphoneos;
				SKIP_INSTALL = YES;
				SWIFT_OPTIMIZATION_LEVEL = "-Onone";
				SWIFT_VERSION = 3.0;
				TARGETED_DEVICE_FAMILY = "1,2";
			};
			name = Debug;
		};
		6EE910391FDE5C17007AD3EA /* Release */ = {
			isa = XCBuildConfiguration;
			buildSettings = {
				CLANG_ENABLE_MODULES = YES;
				CODE_SIGN_IDENTITY = "";
				COMBINE_HIDPI_IMAGES = YES;
				DEFINES_MODULE = YES;
				DYLIB_COMPATIBILITY_VERSION = 1;
				DYLIB_CURRENT_VERSION = 1;
				DYLIB_INSTALL_NAME_BASE = "@rpath";
				FRAMEWORK_SEARCH_PATHS = $SRCROOT/../Carthage/Build/iOS;
				FRAMEWORK_VERSION = A;
				INFOPLIST_FILE = GATT/Info.plist;
				INSTALL_PATH = "$(LOCAL_LIBRARY_DIR)/Frameworks";
				LD_RUNPATH_SEARCH_PATHS = "$(inherited) @executable_path/../Frameworks @loader_path/Frameworks";
				PRODUCT_BUNDLE_IDENTIFIER = org.pureswift.GATT;
				PRODUCT_NAME = "$(TARGET_NAME)";
				SDKROOT = iphoneos;
				SKIP_INSTALL = YES;
				SWIFT_OPTIMIZATION_LEVEL = "-Owholemodule";
				SWIFT_VERSION = 3.0;
				TARGETED_DEVICE_FAMILY = "1,2";
			};
			name = Release;
		};
		6EF45FCD1CC6D355001F7A39 /* Debug */ = {
			isa = XCBuildConfiguration;
			buildSettings = {
				CLANG_ENABLE_MODULES = YES;
				CODE_SIGN_IDENTITY = "";
				COMBINE_HIDPI_IMAGES = YES;
				DEFINES_MODULE = YES;
				DYLIB_COMPATIBILITY_VERSION = 1;
				DYLIB_CURRENT_VERSION = 1;
				DYLIB_INSTALL_NAME_BASE = "@rpath";
				FRAMEWORK_SEARCH_PATHS = $SRCROOT/../Carthage/Build/iOS;
				FRAMEWORK_VERSION = A;
				INFOPLIST_FILE = GATT/Info.plist;
				INSTALL_PATH = "$(LOCAL_LIBRARY_DIR)/Frameworks";
				LD_RUNPATH_SEARCH_PATHS = "$(inherited) @executable_path/../Frameworks @loader_path/Frameworks";
				PRODUCT_BUNDLE_IDENTIFIER = org.pureswift.GATT;
				PRODUCT_NAME = GATT;
				SDKROOT = iphoneos;
				SKIP_INSTALL = YES;
				SWIFT_OPTIMIZATION_LEVEL = "-Onone";
				SWIFT_VERSION = 3.0;
				TARGETED_DEVICE_FAMILY = "1,2";
			};
			name = Debug;
		};
		6EF45FCE1CC6D355001F7A39 /* Release */ = {
			isa = XCBuildConfiguration;
			buildSettings = {
				CLANG_ENABLE_MODULES = YES;
				CODE_SIGN_IDENTITY = "";
				COMBINE_HIDPI_IMAGES = YES;
				DEFINES_MODULE = YES;
				DYLIB_COMPATIBILITY_VERSION = 1;
				DYLIB_CURRENT_VERSION = 1;
				DYLIB_INSTALL_NAME_BASE = "@rpath";
				FRAMEWORK_SEARCH_PATHS = $SRCROOT/../Carthage/Build/iOS;
				FRAMEWORK_VERSION = A;
				INFOPLIST_FILE = GATT/Info.plist;
				INSTALL_PATH = "$(LOCAL_LIBRARY_DIR)/Frameworks";
				LD_RUNPATH_SEARCH_PATHS = "$(inherited) @executable_path/../Frameworks @loader_path/Frameworks";
				PRODUCT_BUNDLE_IDENTIFIER = org.pureswift.GATT;
				PRODUCT_NAME = GATT;
				SDKROOT = iphoneos;
				SKIP_INSTALL = YES;
				SWIFT_OPTIMIZATION_LEVEL = "-Owholemodule";
				SWIFT_VERSION = 3.0;
				TARGETED_DEVICE_FAMILY = "1,2";
			};
			name = Release;
		};
/* End XCBuildConfiguration section */

/* Begin XCConfigurationList section */
		6E2A5D6E1CC8436800BA7E15 /* Build configuration list for PBXNativeTarget "TestApp" */ = {
			isa = XCConfigurationList;
			buildConfigurations = (
				6E2A5D6F1CC8436800BA7E15 /* Debug */,
				6E2A5D701CC8436800BA7E15 /* Release */,
			);
			defaultConfigurationIsVisible = 0;
			defaultConfigurationName = Release;
		};
		6EE84D7E1CAF419D00A40C4D /* Build configuration list for PBXProject "GATT" */ = {
			isa = XCConfigurationList;
			buildConfigurations = (
				6EE84D961CAF419D00A40C4D /* Debug */,
				6EE84D971CAF419D00A40C4D /* Release */,
			);
			defaultConfigurationIsVisible = 0;
			defaultConfigurationName = Release;
		};
		6EE84D981CAF419D00A40C4D /* Build configuration list for PBXNativeTarget "GATT macOS" */ = {
			isa = XCConfigurationList;
			buildConfigurations = (
				6EE84D991CAF419D00A40C4D /* Debug */,
				6EE84D9A1CAF419D00A40C4D /* Release */,
			);
			defaultConfigurationIsVisible = 0;
			defaultConfigurationName = Release;
		};
		6EE910371FDE5C17007AD3EA /* Build configuration list for PBXNativeTarget "GATT watchOS" */ = {
			isa = XCConfigurationList;
			buildConfigurations = (
				6EE910381FDE5C17007AD3EA /* Debug */,
				6EE910391FDE5C17007AD3EA /* Release */,
			);
			defaultConfigurationIsVisible = 0;
			defaultConfigurationName = Release;
		};
		6EF45FCC1CC6D355001F7A39 /* Build configuration list for PBXNativeTarget "GATT iOS" */ = {
			isa = XCConfigurationList;
			buildConfigurations = (
				6EF45FCD1CC6D355001F7A39 /* Debug */,
				6EF45FCE1CC6D355001F7A39 /* Release */,
			);
			defaultConfigurationIsVisible = 0;
			defaultConfigurationName = Release;
		};
/* End XCConfigurationList section */
	};
	rootObject = 6EE84D7B1CAF419D00A40C4D /* Project object */;
}
