{
  "object": {
    "pins": [
      {
        "package": "Bluetooth",
        "repositoryURL": "https://github.com/PureSwift/Bluetooth.git",
        "state": {
          "branch": "master",
          "revision": "26c7f7a71f80fc87b88ead1f98d0ceed37bc554c",
          "version": null
        }
      }
    ]
  },
  "version": 1
}
