{
  "object": {
    "pins": [
      {
        "package": "Bluetooth",
        "repositoryURL": "https://github.com/PureSwift/Bluetooth.git",
        "state": {
          "branch": "master",
          "revision": "a14044af24f9e7344af3dc1f65fec46bb01e8246",
          "version": null
        }
      }
    ]
  },
  "version": 1
}
