{
  "object": {
    "pins": [
      {
        "package": "Bluetooth",
        "repositoryURL": "https://github.com/PureSwift/Bluetooth.git",
        "state": {
          "branch": "master",
          "revision": "71bb519206160f779b618accbe4966312e9e3759",
          "version": null
        }
      }
    ]
  },
  "version": 1
}
